
Microsoft Visual Studio Solution File, Format Version 12.00
# Visual Studio 15
VisualStudioVersion = 15.0.27428.2015
MinimumVisualStudioVersion = 10.0.40219.1
Project("{9A19103F-16F7-4668-BE54-9A1E7A4F7556}") = "CacheManager.FileCaching", "CacheManager.FileCaching\CacheManager.FileCaching.csproj", "{17859D25-C5AD-4E0E-B3D0-5411EF8E30A7}"
EndProject
Project("{9A19103F-16F7-4668-BE54-9A1E7A4F7556}") = "CacheManager.FileCaching.UnitTests", "CacheManager.FileCaching.UnitTests\CacheManager.FileCaching.UnitTests.csproj", "{BF596AD0-2CF5-474A-A45F-6AFE9885213C}"
EndProject
Global
	GlobalSection(SolutionConfigurationPlatforms) = preSolution
		Debug|Any CPU = Debug|Any CPU
		Release|Any CPU = Release|Any CPU
	EndGlobalSection
	GlobalSection(ProjectConfigurationPlatforms) = postSolution
		{17859D25-C5AD-4E0E-B3D0-5411EF8E30A7}.Debug|Any CPU.ActiveCfg = Debug|Any CPU
		{17859D25-C5AD-4E0E-B3D0-5411EF8E30A7}.Debug|Any CPU.Build.0 = Debug|Any CPU
		{17859D25-C5AD-4E0E-B3D0-5411EF8E30A7}.Release|Any CPU.ActiveCfg = Release|Any CPU
		{17859D25-C5AD-4E0E-B3D0-5411EF8E30A7}.Release|Any CPU.Build.0 = Release|Any CPU
		{BF596AD0-2CF5-474A-A45F-6AFE9885213C}.Debug|Any CPU.ActiveCfg = Debug|Any CPU
		{BF596AD0-2CF5-474A-A45F-6AFE9885213C}.Debug|Any CPU.Build.0 = Debug|Any CPU
		{BF596AD0-2CF5-474A-A45F-6AFE9885213C}.Release|Any CPU.ActiveCfg = Release|Any CPU
		{BF596AD0-2CF5-474A-A45F-6AFE9885213C}.Release|Any CPU.Build.0 = Release|Any CPU
	EndGlobalSection
	GlobalSection(SolutionProperties) = preSolution
		HideSolutionNode = FALSE
	EndGlobalSection
	GlobalSection(ExtensibilityGlobals) = postSolution
		SolutionGuid = {5CCDE049-FBCE-455E-BF24-D8CC94AE8455}
	EndGlobalSection
EndGlobal
